
Microsoft Visual Studio Solution File, Format Version 12.00
Project("{2150E333-8FDC-42A3-9474-1A3956D46DE8}") = "src", "src", "{9EF403B3-5E30-4049-A934-6224F44FDE1A}"
EndProject
Project("{FAE04EC0-301F-11D3-BF4B-00C04F79EFBC}") = "dotnet-rpg.Core", "src\dotnet-rpg.Core\dotnet-rpg.Core.csproj", "{3C9BE77A-1BE2-4AD6-B023-9E3A0386ADFA}"
EndProject
Project("{FAE04EC0-301F-11D3-BF4B-00C04F79EFBC}") = "dotnet-rpg.Application", "src\dotnet-rpg.Application\dotnet-rpg.Application.csproj", "{05C361B2-E366-4629-97FC-0DCB854DD3F0}"
EndProject
Project("{FAE04EC0-301F-11D3-BF4B-00C04F79EFBC}") = "dotnet-rpg.Infrastructure", "src\dotnet-rpg.Infrastructure\dotnet-rpg.Infrastructure.csproj", "{6A8C909F-6AC0-4AE1-8C99-4C19671BB7D0}"
EndProject
Project("{FAE04EC0-301F-11D3-BF4B-00C04F79EFBC}") = "dotnet-rpg.Web", "src\dotnet-rpg.Web\dotnet-rpg.Web.csproj", "{9BB90AA2-1ED0-4351-A2BD-EFF9AE75105D}"
EndProject
Project("{2150E333-8FDC-42A3-9474-1A3956D46DE8}") = "tests", "tests", "{5BD1A53B-DBE8-4F55-A7E3-8141D00F798C}"
EndProject
Project("{FAE04EC0-301F-11D3-BF4B-00C04F79EFBC}") = "dotnet-rpg.Web.UnitTests", "tests\dotnet-rpg.Web.UnitTests\dotnet-rpg.Web.UnitTests.csproj", "{6473BB85-846E-4912-8A5A-3B27575E7E79}"
EndProject
Project("{FAE04EC0-301F-11D3-BF4B-00C04F79EFBC}") = "dotnet-rpg.Web.IntegrationTests", "tests\dotnet-rpg.Web.IntegrationTests\dotnet-rpg.Web.IntegrationTests.csproj", "{E73A9299-75FB-434F-B066-7D363E876F2A}"
EndProject
Global
	GlobalSection(SolutionConfigurationPlatforms) = preSolution
		Debug|Any CPU = Debug|Any CPU
		Release|Any CPU = Release|Any CPU
	EndGlobalSection
	GlobalSection(NestedProjects) = preSolution
		{3C9BE77A-1BE2-4AD6-B023-9E3A0386ADFA} = {9EF403B3-5E30-4049-A934-6224F44FDE1A}
		{05C361B2-E366-4629-97FC-0DCB854DD3F0} = {9EF403B3-5E30-4049-A934-6224F44FDE1A}
		{6A8C909F-6AC0-4AE1-8C99-4C19671BB7D0} = {9EF403B3-5E30-4049-A934-6224F44FDE1A}
		{9BB90AA2-1ED0-4351-A2BD-EFF9AE75105D} = {9EF403B3-5E30-4049-A934-6224F44FDE1A}
		{6473BB85-846E-4912-8A5A-3B27575E7E79} = {5BD1A53B-DBE8-4F55-A7E3-8141D00F798C}
		{E73A9299-75FB-434F-B066-7D363E876F2A} = {5BD1A53B-DBE8-4F55-A7E3-8141D00F798C}
	EndGlobalSection
	GlobalSection(ProjectConfigurationPlatforms) = postSolution
		{3C9BE77A-1BE2-4AD6-B023-9E3A0386ADFA}.Debug|Any CPU.ActiveCfg = Debug|Any CPU
		{3C9BE77A-1BE2-4AD6-B023-9E3A0386ADFA}.Debug|Any CPU.Build.0 = Debug|Any CPU
		{3C9BE77A-1BE2-4AD6-B023-9E3A0386ADFA}.Release|Any CPU.ActiveCfg = Release|Any CPU
		{3C9BE77A-1BE2-4AD6-B023-9E3A0386ADFA}.Release|Any CPU.Build.0 = Release|Any CPU
		{05C361B2-E366-4629-97FC-0DCB854DD3F0}.Debug|Any CPU.ActiveCfg = Debug|Any CPU
		{05C361B2-E366-4629-97FC-0DCB854DD3F0}.Debug|Any CPU.Build.0 = Debug|Any CPU
		{05C361B2-E366-4629-97FC-0DCB854DD3F0}.Release|Any CPU.ActiveCfg = Release|Any CPU
		{05C361B2-E366-4629-97FC-0DCB854DD3F0}.Release|Any CPU.Build.0 = Release|Any CPU
		{6A8C909F-6AC0-4AE1-8C99-4C19671BB7D0}.Debug|Any CPU.ActiveCfg = Debug|Any CPU
		{6A8C909F-6AC0-4AE1-8C99-4C19671BB7D0}.Debug|Any CPU.Build.0 = Debug|Any CPU
		{6A8C909F-6AC0-4AE1-8C99-4C19671BB7D0}.Release|Any CPU.ActiveCfg = Release|Any CPU
		{6A8C909F-6AC0-4AE1-8C99-4C19671BB7D0}.Release|Any CPU.Build.0 = Release|Any CPU
		{9BB90AA2-1ED0-4351-A2BD-EFF9AE75105D}.Debug|Any CPU.ActiveCfg = Debug|Any CPU
		{9BB90AA2-1ED0-4351-A2BD-EFF9AE75105D}.Debug|Any CPU.Build.0 = Debug|Any CPU
		{9BB90AA2-1ED0-4351-A2BD-EFF9AE75105D}.Release|Any CPU.ActiveCfg = Release|Any CPU
		{9BB90AA2-1ED0-4351-A2BD-EFF9AE75105D}.Release|Any CPU.Build.0 = Release|Any CPU
		{6473BB85-846E-4912-8A5A-3B27575E7E79}.Debug|Any CPU.ActiveCfg = Debug|Any CPU
		{6473BB85-846E-4912-8A5A-3B27575E7E79}.Debug|Any CPU.Build.0 = Debug|Any CPU
		{6473BB85-846E-4912-8A5A-3B27575E7E79}.Release|Any CPU.ActiveCfg = Release|Any CPU
		{6473BB85-846E-4912-8A5A-3B27575E7E79}.Release|Any CPU.Build.0 = Release|Any CPU
		{E73A9299-75FB-434F-B066-7D363E876F2A}.Debug|Any CPU.ActiveCfg = Debug|Any CPU
		{E73A9299-75FB-434F-B066-7D363E876F2A}.Debug|Any CPU.Build.0 = Debug|Any CPU
		{E73A9299-75FB-434F-B066-7D363E876F2A}.Release|Any CPU.ActiveCfg = Release|Any CPU
		{E73A9299-75FB-434F-B066-7D363E876F2A}.Release|Any CPU.Build.0 = Release|Any CPU
	EndGlobalSection
EndGlobal
